
Microsoft Visual Studio Solution File, Format Version 12.00
# Visual Studio Version 17
VisualStudioVersion = 17.13.35818.85 d17.13
MinimumVisualStudioVersion = 10.0.40219.1
Project("{FAE04EC0-301F-11D3-BF4B-00C04F79EFBC}") = "Free_poin_PBO", "Free_poin_PBO\Free_poin_PBO.csproj", "{3DE1D229-28CD-46C9-AAE0-3FCB9FE1A676}"
EndProject
Global
	GlobalSection(SolutionConfigurationPlatforms) = preSolution
		Debug|Any CPU = Debug|Any CPU
		Release|Any CPU = Release|Any CPU
	EndGlobalSection
	GlobalSection(ProjectConfigurationPlatforms) = postSolution
		{3DE1D229-28CD-46C9-AAE0-3FCB9FE1A676}.Debug|Any CPU.ActiveCfg = Debug|Any CPU
		{3DE1D229-28CD-46C9-AAE0-3FCB9FE1A676}.Debug|Any CPU.Build.0 = Debug|Any CPU
		{3DE1D229-28CD-46C9-AAE0-3FCB9FE1A676}.Release|Any CPU.ActiveCfg = Release|Any CPU
		{3DE1D229-28CD-46C9-AAE0-3FCB9FE1A676}.Release|Any CPU.Build.0 = Release|Any CPU
	EndGlobalSection
	GlobalSection(SolutionProperties) = preSolution
		HideSolutionNode = FALSE
	EndGlobalSection
	GlobalSection(ExtensibilityGlobals) = postSolution
		SolutionGuid = {8AAA69FC-B543-4355-86C8-B4984FF407BC}
	EndGlobalSection
EndGlobal
